
Microsoft Visual Studio Solution File, Format Version 12.00
# Visual Studio Version 17
VisualStudioVersion = 17.4.33103.184
MinimumVisualStudioVersion = 10.0.40219.1
Project("{9A19103F-16F7-4668-BE54-9A1E7A4F7556}") = "RSA", "RSA CryptoSystem\RSA.csproj", "{4415A072-C34B-4FCF-A1DB-9F0777F8E69B}"
EndProject
Global
	GlobalSection(SolutionConfigurationPlatforms) = preSolution
		Debug|Any CPU = Debug|Any CPU
		Release|Any CPU = Release|Any CPU
	EndGlobalSection
	GlobalSection(ProjectConfigurationPlatforms) = postSolution
		{4415A072-C34B-4FCF-A1DB-9F0777F8E69B}.Debug|Any CPU.ActiveCfg = Debug|Any CPU
		{4415A072-C34B-4FCF-A1DB-9F0777F8E69B}.Debug|Any CPU.Build.0 = Debug|Any CPU
		{4415A072-C34B-4FCF-A1DB-9F0777F8E69B}.Release|Any CPU.ActiveCfg = Release|Any CPU
		{4415A072-C34B-4FCF-A1DB-9F0777F8E69B}.Release|Any CPU.Build.0 = Release|Any CPU
	EndGlobalSection
	GlobalSection(SolutionProperties) = preSolution
		HideSolutionNode = FALSE
	EndGlobalSection
	GlobalSection(ExtensibilityGlobals) = postSolution
		SolutionGuid = {0D8A6E5F-807D-45C7-995A-24DE74EF8D7D}
	EndGlobalSection
EndGlobal
